
Microsoft Visual Studio Solution File, Format Version 12.00
# Visual Studio Version 16
VisualStudioVersion = 16.0.31005.135
MinimumVisualStudioVersion = 10.0.40219.1
Project("{FAE04EC0-301F-11D3-BF4B-00C04F79EFBC}") = "Kufar", "Kufar\Kufar.csproj", "{6B176C2D-5682-4BAA-9F7E-84BF05349031}"
EndProject
Global
	GlobalSection(SolutionConfigurationPlatforms) = preSolution
		Debug|Any CPU = Debug|Any CPU
		Release|Any CPU = Release|Any CPU
	EndGlobalSection
	GlobalSection(ProjectConfigurationPlatforms) = postSolution
		{6B176C2D-5682-4BAA-9F7E-84BF05349031}.Debug|Any CPU.ActiveCfg = Debug|Any CPU
		{6B176C2D-5682-4BAA-9F7E-84BF05349031}.Debug|Any CPU.Build.0 = Debug|Any CPU
		{6B176C2D-5682-4BAA-9F7E-84BF05349031}.Release|Any CPU.ActiveCfg = Release|Any CPU
		{6B176C2D-5682-4BAA-9F7E-84BF05349031}.Release|Any CPU.Build.0 = Release|Any CPU
	EndGlobalSection
	GlobalSection(SolutionProperties) = preSolution
		HideSolutionNode = FALSE
	EndGlobalSection
	GlobalSection(ExtensibilityGlobals) = postSolution
		SolutionGuid = {4523E8C0-03E9-4A04-929F-7912606D98D5}
	EndGlobalSection
EndGlobal
